// !$*UTF8*$!
{
	archiveVersion = 1;
	classes = {
	};
	objectVersion = 56;
	objects = {

/* Begin PBXBuildFile section */
		F990391A2C5CF7AE00437EB6 /* App801App.swift in Sources */ = {isa = PBXBuildFile; fileRef = F99039192C5CF7AE00437EB6 /* App801App.swift */; };
		F990391C2C5CF7AE00437EB6 /* ContentView.swift in Sources */ = {isa = PBXBuildFile; fileRef = F990391B2C5CF7AE00437EB6 /* ContentView.swift */; };
		F990391E2C5CF7B000437EB6 /* Assets.xcassets in Resources */ = {isa = PBXBuildFile; fileRef = F990391D2C5CF7B000437EB6 /* Assets.xcassets */; };
		F99039212C5CF7B000437EB6 /* Preview Assets.xcassets in Resources */ = {isa = PBXBuildFile; fileRef = F99039202C5CF7B000437EB6 /* Preview Assets.xcassets */; };
		F99039282C5CF85000437EB6 /* Launch Screen.storyboard in Resources */ = {isa = PBXBuildFile; fileRef = F99039272C5CF85000437EB6 /* Launch Screen.storyboard */; };
		F990392B2C5CF86E00437EB6 /* LoadingView.swift in Sources */ = {isa = PBXBuildFile; fileRef = F990392A2C5CF86E00437EB6 /* LoadingView.swift */; };
		F99039302C5CF88100437EB6 /* Reviewers_1.swift in Sources */ = {isa = PBXBuildFile; fileRef = F990392F2C5CF88100437EB6 /* Reviewers_1.swift */; };
		F99039322C5CF88500437EB6 /* Reviewers_2.swift in Sources */ = {isa = PBXBuildFile; fileRef = F99039312C5CF88500437EB6 /* Reviewers_2.swift */; };
		F99039342C5CF88B00437EB6 /* Users_1.swift in Sources */ = {isa = PBXBuildFile; fileRef = F99039332C5CF88B00437EB6 /* Users_1.swift */; };
		F99039382C5CF89300437EB6 /* Users_2.swift in Sources */ = {isa = PBXBuildFile; fileRef = F99039372C5CF89300437EB6 /* Users_2.swift */; };
		F990393A2C5CF89600437EB6 /* Users_3.swift in Sources */ = {isa = PBXBuildFile; fileRef = F99039392C5CF89600437EB6 /* Users_3.swift */; };
		F990393D2C5CF8BD00437EB6 /* dsdf.swift in Sources */ = {isa = PBXBuildFile; fileRef = F990393C2C5CF8BD00437EB6 /* dsdf.swift */; };
		F990393F2C5CF8C000437EB6 /* sf.swift in Sources */ = {isa = PBXBuildFile; fileRef = F990393E2C5CF8C000437EB6 /* sf.swift */; };
		F99039412C5CF8C400437EB6 /* wkgfd.swift in Sources */ = {isa = PBXBuildFile; fileRef = F99039402C5CF8C400437EB6 /* wkgfd.swift */; };
/* End PBXBuildFile section */

/* Begin PBXFileReference section */
		F99039162C5CF7AE00437EB6 /* App801.app */ = {isa = PBXFileReference; explicitFileType = wrapper.application; includeInIndex = 0; path = App801.app; sourceTree = BUILT_PRODUCTS_DIR; };
		F99039192C5CF7AE00437EB6 /* App801App.swift */ = {isa = PBXFileReference; lastKnownFileType = sourcecode.swift; path = App801App.swift; sourceTree = "<group>"; };
		F990391B2C5CF7AE00437EB6 /* ContentView.swift */ = {isa = PBXFileReference; lastKnownFileType = sourcecode.swift; path = ContentView.swift; sourceTree = "<group>"; };
		F990391D2C5CF7B000437EB6 /* Assets.xcassets */ = {isa = PBXFileReference; lastKnownFileType = folder.assetcatalog; path = Assets.xcassets; sourceTree = "<group>"; };
		F99039202C5CF7B000437EB6 /* Preview Assets.xcassets */ = {isa = PBXFileReference; lastKnownFileType = folder.assetcatalog; path = "Preview Assets.xcassets"; sourceTree = "<group>"; };
		F99039272C5CF85000437EB6 /* Launch Screen.storyboard */ = {isa = PBXFileReference; lastKnownFileType = file.storyboard; path = "Launch Screen.storyboard"; sourceTree = "<group>"; };
		F990392A2C5CF86E00437EB6 /* LoadingView.swift */ = {isa = PBXFileReference; lastKnownFileType = sourcecode.swift; path = LoadingView.swift; sourceTree = "<group>"; };
		F990392F2C5CF88100437EB6 /* Reviewers_1.swift */ = {isa = PBXFileReference; lastKnownFileType = sourcecode.swift; path = Reviewers_1.swift; sourceTree = "<group>"; };
		F99039312C5CF88500437EB6 /* Reviewers_2.swift */ = {isa = PBXFileReference; lastKnownFileType = sourcecode.swift; path = Reviewers_2.swift; sourceTree = "<group>"; };
		F99039332C5CF88B00437EB6 /* Users_1.swift */ = {isa = PBXFileReference; lastKnownFileType = sourcecode.swift; path = Users_1.swift; sourceTree = "<group>"; };
		F99039372C5CF89300437EB6 /* Users_2.swift */ = {isa = PBXFileReference; lastKnownFileType = sourcecode.swift; path = Users_2.swift; sourceTree = "<group>"; };
		F99039392C5CF89600437EB6 /* Users_3.swift */ = {isa = PBXFileReference; lastKnownFileType = sourcecode.swift; path = Users_3.swift; sourceTree = "<group>"; };
		F990393C2C5CF8BD00437EB6 /* dsdf.swift */ = {isa = PBXFileReference; lastKnownFileType = sourcecode.swift; path = dsdf.swift; sourceTree = "<group>"; };
		F990393E2C5CF8C000437EB6 /* sf.swift */ = {isa = PBXFileReference; lastKnownFileType = sourcecode.swift; path = sf.swift; sourceTree = "<group>"; };
		F99039402C5CF8C400437EB6 /* wkgfd.swift */ = {isa = PBXFileReference; lastKnownFileType = sourcecode.swift; path = wkgfd.swift; sourceTree = "<group>"; };
/* End PBXFileReference section */

/* Begin PBXFrameworksBuildPhase section */
		F99039132C5CF7AE00437EB6 /* Frameworks */ = {
			isa = PBXFrameworksBuildPhase;
			buildActionMask = 2147483647;
			files = (
			);
			runOnlyForDeploymentPostprocessing = 0;
		};
/* End PBXFrameworksBuildPhase section */

/* Begin PBXGroup section */
		F990390D2C5CF7AE00437EB6 = {
			isa = PBXGroup;
			children = (
				F99039182C5CF7AE00437EB6 /* App801 */,
				F99039172C5CF7AE00437EB6 /* Products */,
			);
			sourceTree = "<group>";
		};
		F99039172C5CF7AE00437EB6 /* Products */ = {
			isa = PBXGroup;
			children = (
				F99039162C5CF7AE00437EB6 /* App801.app */,
			);
			name = Products;
			sourceTree = "<group>";
		};
		F99039182C5CF7AE00437EB6 /* App801 */ = {
			isa = PBXGroup;
			children = (
				F99039192C5CF7AE00437EB6 /* App801App.swift */,
				F990391B2C5CF7AE00437EB6 /* ContentView.swift */,
				F99039292C5CF86900437EB6 /* Project */,
				F99039272C5CF85000437EB6 /* Launch Screen.storyboard */,
				F990391D2C5CF7B000437EB6 /* Assets.xcassets */,
				F990391F2C5CF7B000437EB6 /* Preview Content */,
			);
			path = App801;
			sourceTree = "<group>";
		};
		F990391F2C5CF7B000437EB6 /* Preview Content */ = {
			isa = PBXGroup;
			children = (
				F99039202C5CF7B000437EB6 /* Preview Assets.xcassets */,
			);
			path = "Preview Content";
			sourceTree = "<group>";
		};
		F99039292C5CF86900437EB6 /* Project */ = {
			isa = PBXGroup;
			children = (
				F990393B2C5CF89C00437EB6 /* Extensions */,
				F990392A2C5CF86E00437EB6 /* LoadingView.swift */,
				F990392C2C5CF87200437EB6 /* Splash */,
			);
			path = Project;
			sourceTree = "<group>";
		};
		F990392C2C5CF87200437EB6 /* Splash */ = {
			isa = PBXGroup;
			children = (
				F990392E2C5CF87800437EB6 /* Reviewers */,
				F990392D2C5CF87600437EB6 /* Users */,
			);
			path = Splash;
			sourceTree = "<group>";
		};
		F990392D2C5CF87600437EB6 /* Users */ = {
			isa = PBXGroup;
			children = (
				F99039332C5CF88B00437EB6 /* Users_1.swift */,
				F99039372C5CF89300437EB6 /* Users_2.swift */,
				F99039392C5CF89600437EB6 /* Users_3.swift */,
			);
			path = Users;
			sourceTree = "<group>";
		};
		F990392E2C5CF87800437EB6 /* Reviewers */ = {
			isa = PBXGroup;
			children = (
				F990392F2C5CF88100437EB6 /* Reviewers_1.swift */,
				F99039312C5CF88500437EB6 /* Reviewers_2.swift */,
			);
			path = Reviewers;
			sourceTree = "<group>";
		};
		F990393B2C5CF89C00437EB6 /* Extensions */ = {
			isa = PBXGroup;
			children = (
				F990393C2C5CF8BD00437EB6 /* dsdf.swift */,
				F990393E2C5CF8C000437EB6 /* sf.swift */,
				F99039402C5CF8C400437EB6 /* wkgfd.swift */,
			);
			path = Extensions;
			sourceTree = "<group>";
		};
/* End PBXGroup section */

/* Begin PBXNativeTarget section */
		F99039152C5CF7AE00437EB6 /* App801 */ = {
			isa = PBXNativeTarget;
			buildConfigurationList = F99039242C5CF7B000437EB6 /* Build configuration list for PBXNativeTarget "App801" */;
			buildPhases = (
				F99039122C5CF7AE00437EB6 /* Sources */,
				F99039132C5CF7AE00437EB6 /* Frameworks */,
				F99039142C5CF7AE00437EB6 /* Resources */,
			);
			buildRules = (
			);
			dependencies = (
			);
			name = App801;
			productName = App801;
			productReference = F99039162C5CF7AE00437EB6 /* App801.app */;
			productType = "com.apple.product-type.application";
		};
/* End PBXNativeTarget section */

/* Begin PBXProject section */
		F990390E2C5CF7AE00437EB6 /* Project object */ = {
			isa = PBXProject;
			attributes = {
				BuildIndependentTargetsInParallel = 1;
				LastSwiftUpdateCheck = 1530;
				LastUpgradeCheck = 1530;
				TargetAttributes = {
					F99039152C5CF7AE00437EB6 = {
						CreatedOnToolsVersion = 15.3;
					};
				};
			};
			buildConfigurationList = F99039112C5CF7AE00437EB6 /* Build configuration list for PBXProject "App801" */;
			compatibilityVersion = "Xcode 14.0";
			developmentRegion = en;
			hasScannedForEncodings = 0;
			knownRegions = (
				en,
				Base,
			);
			mainGroup = F990390D2C5CF7AE00437EB6;
			productRefGroup = F99039172C5CF7AE00437EB6 /* Products */;
			projectDirPath = "";
			projectRoot = "";
			targets = (
				F99039152C5CF7AE00437EB6 /* App801 */,
			);
		};
/* End PBXProject section */

/* Begin PBXResourcesBuildPhase section */
		F99039142C5CF7AE00437EB6 /* Resources */ = {
			isa = PBXResourcesBuildPhase;
			buildActionMask = 2147483647;
			files = (
				F99039282C5CF85000437EB6 /* Launch Screen.storyboard in Resources */,
				F99039212C5CF7B000437EB6 /* Preview Assets.xcassets in Resources */,
				F990391E2C5CF7B000437EB6 /* Assets.xcassets in Resources */,
			);
			runOnlyForDeploymentPostprocessing = 0;
		};
/* End PBXResourcesBuildPhase section */

/* Begin PBXSourcesBuildPhase section */
		F99039122C5CF7AE00437EB6 /* Sources */ = {
			isa = PBXSourcesBuildPhase;
			buildActionMask = 2147483647;
			files = (
				F99039382C5CF89300437EB6 /* Users_2.swift in Sources */,
				F990393D2C5CF8BD00437EB6 /* dsdf.swift in Sources */,
				F990393F2C5CF8C000437EB6 /* sf.swift in Sources */,
				F99039342C5CF88B00437EB6 /* Users_1.swift in Sources */,
				F99039302C5CF88100437EB6 /* Reviewers_1.swift in Sources */,
				F99039322C5CF88500437EB6 /* Reviewers_2.swift in Sources */,
				F990393A2C5CF89600437EB6 /* Users_3.swift in Sources */,
				F99039412C5CF8C400437EB6 /* wkgfd.swift in Sources */,
				F990391C2C5CF7AE00437EB6 /* ContentView.swift in Sources */,
				F990391A2C5CF7AE00437EB6 /* App801App.swift in Sources */,
				F990392B2C5CF86E00437EB6 /* LoadingView.swift in Sources */,
			);
			runOnlyForDeploymentPostprocessing = 0;
		};
/* End PBXSourcesBuildPhase section */

/* Begin XCBuildConfiguration section */
		F99039222C5CF7B000437EB6 /* Debug */ = {
			isa = XCBuildConfiguration;
			buildSettings = {
				ALWAYS_SEARCH_USER_PATHS = NO;
				ASSETCATALOG_COMPILER_GENERATE_SWIFT_ASSET_SYMBOL_EXTENSIONS = YES;
				CLANG_ANALYZER_NONNULL = YES;
				CLANG_ANALYZER_NUMBER_OBJECT_CONVERSION = YES_AGGRESSIVE;
				CLANG_CXX_LANGUAGE_STANDARD = "gnu++20";
				CLANG_ENABLE_MODULES = YES;
				CLANG_ENABLE_OBJC_ARC = YES;
				CLANG_ENABLE_OBJC_WEAK = YES;
				CLANG_WARN_BLOCK_CAPTURE_AUTORELEASING = YES;
				CLANG_WARN_BOOL_CONVERSION = YES;
				CLANG_WARN_COMMA = YES;
				CLANG_WARN_CONSTANT_CONVERSION = YES;
				CLANG_WARN_DEPRECATED_OBJC_IMPLEMENTATIONS = YES;
				CLANG_WARN_DIRECT_OBJC_ISA_USAGE = YES_ERROR;
				CLANG_WARN_DOCUMENTATION_COMMENTS = YES;
				CLANG_WARN_EMPTY_BODY = YES;
				CLANG_WARN_ENUM_CONVERSION = YES;
				CLANG_WARN_INFINITE_RECURSION = YES;
				CLANG_WARN_INT_CONVERSION = YES;
				CLANG_WARN_NON_LITERAL_NULL_CONVERSION = YES;
				CLANG_WARN_OBJC_IMPLICIT_RETAIN_SELF = YES;
				CLANG_WARN_OBJC_LITERAL_CONVERSION = YES;
				CLANG_WARN_OBJC_ROOT_CLASS = YES_ERROR;
				CLANG_WARN_QUOTED_INCLUDE_IN_FRAMEWORK_HEADER = YES;
				CLANG_WARN_RANGE_LOOP_ANALYSIS = YES;
				CLANG_WARN_STRICT_PROTOTYPES = YES;
				CLANG_WARN_SUSPICIOUS_MOVE = YES;
				CLANG_WARN_UNGUARDED_AVAILABILITY = YES_AGGRESSIVE;
				CLANG_WARN_UNREACHABLE_CODE = YES;
				CLANG_WARN__DUPLICATE_METHOD_MATCH = YES;
				COPY_PHASE_STRIP = NO;
				DEBUG_INFORMATION_FORMAT = dwarf;
				ENABLE_STRICT_OBJC_MSGSEND = YES;
				ENABLE_TESTABILITY = YES;
				ENABLE_USER_SCRIPT_SANDBOXING = YES;
				GCC_C_LANGUAGE_STANDARD = gnu17;
				GCC_DYNAMIC_NO_PIC = NO;
				GCC_NO_COMMON_BLOCKS = YES;
				GCC_OPTIMIZATION_LEVEL = 0;
				GCC_PREPROCESSOR_DEFINITIONS = (
					"DEBUG=1",
					"$(inherited)",
				);
				GCC_WARN_64_TO_32_BIT_CONVERSION = YES;
				GCC_WARN_ABOUT_RETURN_TYPE = YES_ERROR;
				GCC_WARN_UNDECLARED_SELECTOR = YES;
				GCC_WARN_UNINITIALIZED_AUTOS = YES_AGGRESSIVE;
				GCC_WARN_UNUSED_FUNCTION = YES;
				GCC_WARN_UNUSED_VARIABLE = YES;
				IPHONEOS_DEPLOYMENT_TARGET = 17.4;
				LOCALIZATION_PREFERS_STRING_CATALOGS = YES;
				MTL_ENABLE_DEBUG_INFO = INCLUDE_SOURCE;
				MTL_FAST_MATH = YES;
				ONLY_ACTIVE_ARCH = YES;
				SDKROOT = iphoneos;
				SWIFT_ACTIVE_COMPILATION_CONDITIONS = "DEBUG $(inherited)";
				SWIFT_OPTIMIZATION_LEVEL = "-Onone";
			};
			name = Debug;
		};
		F99039232C5CF7B000437EB6 /* Release */ = {
			isa = XCBuildConfiguration;
			buildSettings = {
				ALWAYS_SEARCH_USER_PATHS = NO;
				ASSETCATALOG_COMPILER_GENERATE_SWIFT_ASSET_SYMBOL_EXTENSIONS = YES;
				CLANG_ANALYZER_NONNULL = YES;
				CLANG_ANALYZER_NUMBER_OBJECT_CONVERSION = YES_AGGRESSIVE;
				CLANG_CXX_LANGUAGE_STANDARD = "gnu++20";
				CLANG_ENABLE_MODULES = YES;
				CLANG_ENABLE_OBJC_ARC = YES;
				CLANG_ENABLE_OBJC_WEAK = YES;
				CLANG_WARN_BLOCK_CAPTURE_AUTORELEASING = YES;
				CLANG_WARN_BOOL_CONVERSION = YES;
				CLANG_WARN_COMMA = YES;
				CLANG_WARN_CONSTANT_CONVERSION = YES;
				CLANG_WARN_DEPRECATED_OBJC_IMPLEMENTATIONS = YES;
				CLANG_WARN_DIRECT_OBJC_ISA_USAGE = YES_ERROR;
				CLANG_WARN_DOCUMENTATION_COMMENTS = YES;
				CLANG_WARN_EMPTY_BODY = YES;
				CLANG_WARN_ENUM_CONVERSION = YES;
				CLANG_WARN_INFINITE_RECURSION = YES;
				CLANG_WARN_INT_CONVERSION = YES;
				CLANG_WARN_NON_LITERAL_NULL_CONVERSION = YES;
				CLANG_WARN_OBJC_IMPLICIT_RETAIN_SELF = YES;
				CLANG_WARN_OBJC_LITERAL_CONVERSION = YES;
				CLANG_WARN_OBJC_ROOT_CLASS = YES_ERROR;
				CLANG_WARN_QUOTED_INCLUDE_IN_FRAMEWORK_HEADER = YES;
				CLANG_WARN_RANGE_LOOP_ANALYSIS = YES;
				CLANG_WARN_STRICT_PROTOTYPES = YES;
				CLANG_WARN_SUSPICIOUS_MOVE = YES;
				CLANG_WARN_UNGUARDED_AVAILABILITY = YES_AGGRESSIVE;
				CLANG_WARN_UNREACHABLE_CODE = YES;
				CLANG_WARN__DUPLICATE_METHOD_MATCH = YES;
				COPY_PHASE_STRIP = NO;
				DEBUG_INFORMATION_FORMAT = "dwarf-with-dsym";
				ENABLE_NS_ASSERTIONS = NO;
				ENABLE_STRICT_OBJC_MSGSEND = YES;
				ENABLE_USER_SCRIPT_SANDBOXING = YES;
				GCC_C_LANGUAGE_STANDARD = gnu17;
				GCC_NO_COMMON_BLOCKS = YES;
				GCC_WARN_64_TO_32_BIT_CONVERSION = YES;
				GCC_WARN_ABOUT_RETURN_TYPE = YES_ERROR;
				GCC_WARN_UNDECLARED_SELECTOR = YES;
				GCC_WARN_UNINITIALIZED_AUTOS = YES_AGGRESSIVE;
				GCC_WARN_UNUSED_FUNCTION = YES;
				GCC_WARN_UNUSED_VARIABLE = YES;
				IPHONEOS_DEPLOYMENT_TARGET = 17.4;
				LOCALIZATION_PREFERS_STRING_CATALOGS = YES;
				MTL_ENABLE_DEBUG_INFO = NO;
				MTL_FAST_MATH = YES;
				SDKROOT = iphoneos;
				SWIFT_COMPILATION_MODE = wholemodule;
				VALIDATE_PRODUCT = YES;
			};
			name = Release;
		};
		F99039252C5CF7B000437EB6 /* Debug */ = {
			isa = XCBuildConfiguration;
			buildSettings = {
				ASSETCATALOG_COMPILER_APPICON_NAME = AppIcon;
				ASSETCATALOG_COMPILER_GLOBAL_ACCENT_COLOR_NAME = AccentColor;
				CODE_SIGN_STYLE = Automatic;
				CURRENT_PROJECT_VERSION = 1;
				DEVELOPMENT_ASSET_PATHS = "\"App801/Preview Content\"";
				ENABLE_PREVIEWS = YES;
				GENERATE_INFOPLIST_FILE = YES;
				INFOPLIST_KEY_CFBundleDisplayName = "Infinite Card Saga";
				INFOPLIST_KEY_UIApplicationSceneManifest_Generation = YES;
				INFOPLIST_KEY_UIApplicationSupportsIndirectInputEvents = YES;
				INFOPLIST_KEY_UILaunchScreen_Generation = YES;
				INFOPLIST_KEY_UILaunchStoryboardName = "Launch Screen.storyboard";
				INFOPLIST_KEY_UISupportedInterfaceOrientations = UIInterfaceOrientationPortrait;
				INFOPLIST_KEY_UISupportedInterfaceOrientations_iPad = "UIInterfaceOrientationLandscapeLeft UIInterfaceOrientationLandscapeRight UIInterfaceOrientationPortrait UIInterfaceOrientationPortraitUpsideDown";
				IPHONEOS_DEPLOYMENT_TARGET = 14.0;
				LD_RUNPATH_SEARCH_PATHS = (
					"$(inherited)",
					"@executable_path/Frameworks",
				);
				MARKETING_VERSION = 1.0;
				PRODUCT_BUNDLE_IDENTIFIER = app.App801;
				PRODUCT_NAME = "$(TARGET_NAME)";
				SUPPORTED_PLATFORMS = "iphoneos iphonesimulator";
				SUPPORTS_MACCATALYST = NO;
				SUPPORTS_MAC_DESIGNED_FOR_IPHONE_IPAD = NO;
				SUPPORTS_XR_DESIGNED_FOR_IPHONE_IPAD = NO;
				SWIFT_EMIT_LOC_STRINGS = YES;
				SWIFT_VERSION = 5.0;
				TARGETED_DEVICE_FAMILY = 1;
			};
			name = Debug;
		};
		F99039262C5CF7B000437EB6 /* Release */ = {
			isa = XCBuildConfiguration;
			buildSettings = {
				ASSETCATALOG_COMPILER_APPICON_NAME = AppIcon;
				ASSETCATALOG_COMPILER_GLOBAL_ACCENT_COLOR_NAME = AccentColor;
				CODE_SIGN_STYLE = Automatic;
				CURRENT_PROJECT_VERSION = 1;
				DEVELOPMENT_ASSET_PATHS = "\"App801/Preview Content\"";
				ENABLE_PREVIEWS = YES;
				GENERATE_INFOPLIST_FILE = YES;
				INFOPLIST_KEY_CFBundleDisplayName = "Infinite Card Saga";
				INFOPLIST_KEY_UIApplicationSceneManifest_Generation = YES;
				INFOPLIST_KEY_UIApplicationSupportsIndirectInputEvents = YES;
				INFOPLIST_KEY_UILaunchScreen_Generation = YES;
				INFOPLIST_KEY_UILaunchStoryboardName = "Launch Screen.storyboard";
				INFOPLIST_KEY_UISupportedInterfaceOrientations = UIInterfaceOrientationPortrait;
				INFOPLIST_KEY_UISupportedInterfaceOrientations_iPad = "UIInterfaceOrientationLandscapeLeft UIInterfaceOrientationLandscapeRight UIInterfaceOrientationPortrait UIInterfaceOrientationPortraitUpsideDown";
				IPHONEOS_DEPLOYMENT_TARGET = 14.0;
				LD_RUNPATH_SEARCH_PATHS = (
					"$(inherited)",
					"@executable_path/Frameworks",
				);
				MARKETING_VERSION = 1.0;
				PRODUCT_BUNDLE_IDENTIFIER = app.App801;
				PRODUCT_NAME = "$(TARGET_NAME)";
				SUPPORTED_PLATFORMS = "iphoneos iphonesimulator";
				SUPPORTS_MACCATALYST = NO;
				SUPPORTS_MAC_DESIGNED_FOR_IPHONE_IPAD = NO;
				SUPPORTS_XR_DESIGNED_FOR_IPHONE_IPAD = NO;
				SWIFT_EMIT_LOC_STRINGS = YES;
				SWIFT_VERSION = 5.0;
				TARGETED_DEVICE_FAMILY = 1;
			};
			name = Release;
		};
/* End XCBuildConfiguration section */

/* Begin XCConfigurationList section */
		F99039112C5CF7AE00437EB6 /* Build configuration list for PBXProject "App801" */ = {
			isa = XCConfigurationList;
			buildConfigurations = (
				F99039222C5CF7B000437EB6 /* Debug */,
				F99039232C5CF7B000437EB6 /* Release */,
			);
			defaultConfigurationIsVisible = 0;
			defaultConfigurationName = Release;
		};
		F99039242C5CF7B000437EB6 /* Build configuration list for PBXNativeTarget "App801" */ = {
			isa = XCConfigurationList;
			buildConfigurations = (
				F99039252C5CF7B000437EB6 /* Debug */,
				F99039262C5CF7B000437EB6 /* Release */,
			);
			defaultConfigurationIsVisible = 0;
			defaultConfigurationName = Release;
		};
/* End XCConfigurationList section */
	};
	rootObject = F990390E2C5CF7AE00437EB6 /* Project object */;
}
